
Microsoft Visual Studio Solution File, Format Version 12.00
# Visual Studio Version 17
VisualStudioVersion = 17.9.34728.123
MinimumVisualStudioVersion = 10.0.40219.1
Project("{2150E333-8FDC-42A3-9474-1A3956D46DE8}") = "Solution Items", "Solution Items", "{75C073E0-91A4-4848-8C76-E597A75F0301}"
	ProjectSection(SolutionItems) = preProject
		README.md = README.md
	EndProjectSection
EndProject
Project("{9A19103F-16F7-4668-BE54-9A1E7A4F7556}") = "MoonshotNet", "MoonshotNet\MoonshotNet.csproj", "{118A064A-3931-49F3-8419-1E9C0058581A}"
EndProject
Project("{9A19103F-16F7-4668-BE54-9A1E7A4F7556}") = "MoonshotNet.Example", "MoonshotNet.Example\MoonshotNet.Example.csproj", "{599E3155-263A-4809-90E1-75AC9D099C97}"
EndProject
Project("{9A19103F-16F7-4668-BE54-9A1E7A4F7556}") = "MoonshotNet.Tests", "MoonshotNet.Tests\MoonshotNet.Tests.csproj", "{3E243E66-666D-439F-8A03-ADFE80AFBE75}"
EndProject
Global
	GlobalSection(SolutionConfigurationPlatforms) = preSolution
		Debug|Any CPU = Debug|Any CPU
		Release|Any CPU = Release|Any CPU
	EndGlobalSection
	GlobalSection(ProjectConfigurationPlatforms) = postSolution
		{118A064A-3931-49F3-8419-1E9C0058581A}.Debug|Any CPU.ActiveCfg = Debug|Any CPU
		{118A064A-3931-49F3-8419-1E9C0058581A}.Debug|Any CPU.Build.0 = Debug|Any CPU
		{118A064A-3931-49F3-8419-1E9C0058581A}.Release|Any CPU.ActiveCfg = Release|Any CPU
		{118A064A-3931-49F3-8419-1E9C0058581A}.Release|Any CPU.Build.0 = Release|Any CPU
		{599E3155-263A-4809-90E1-75AC9D099C97}.Debug|Any CPU.ActiveCfg = Debug|Any CPU
		{599E3155-263A-4809-90E1-75AC9D099C97}.Debug|Any CPU.Build.0 = Debug|Any CPU
		{599E3155-263A-4809-90E1-75AC9D099C97}.Release|Any CPU.ActiveCfg = Release|Any CPU
		{599E3155-263A-4809-90E1-75AC9D099C97}.Release|Any CPU.Build.0 = Release|Any CPU
		{3E243E66-666D-439F-8A03-ADFE80AFBE75}.Debug|Any CPU.ActiveCfg = Debug|Any CPU
		{3E243E66-666D-439F-8A03-ADFE80AFBE75}.Debug|Any CPU.Build.0 = Debug|Any CPU
		{3E243E66-666D-439F-8A03-ADFE80AFBE75}.Release|Any CPU.ActiveCfg = Release|Any CPU
		{3E243E66-666D-439F-8A03-ADFE80AFBE75}.Release|Any CPU.Build.0 = Release|Any CPU
	EndGlobalSection
	GlobalSection(SolutionProperties) = preSolution
		HideSolutionNode = FALSE
	EndGlobalSection
	GlobalSection(ExtensibilityGlobals) = postSolution
		SolutionGuid = {2867BBEA-03F0-4039-9728-F20E61C34B82}
	EndGlobalSection
EndGlobal
